
Microsoft Visual Studio Solution File, Format Version 12.00
# Visual Studio Version 17
VisualStudioVersion = 17.10.34916.146
MinimumVisualStudioVersion = 10.0.40219.1
Project("{9A19103F-16F7-4668-BE54-9A1E7A4F7556}") = "ConsoleApp", "ConsoleApp\ConsoleApp.csproj", "{9FC014AE-A5A0-4447-90AF-0F916972678A}"
EndProject
Project("{9A19103F-16F7-4668-BE54-9A1E7A4F7556}") = "ConsoleApp2", "ConsoleApp2\ConsoleApp2.csproj", "{92D4CE73-EC06-496F-88CE-A1D91F8AEED8}"
EndProject
Project("{9A19103F-16F7-4668-BE54-9A1E7A4F7556}") = "Beleajar LINQ", "Beleajar LINQ\Beleajar LINQ.csproj", "{DDDFFEB3-C258-4DC6-89F7-0EDF744EF3D9}"
EndProject
Project("{FAE04EC0-301F-11D3-BF4B-00C04F79EFBC}") = "Object & Class", "Object & Class\Object & Class.csproj", "{29057EF7-AD82-4136-AE88-0B34E6577394}"
EndProject
Project("{FAE04EC0-301F-11D3-BF4B-00C04F79EFBC}") = "Class & Object 2", "Class & Object 2\Class & Object 2.csproj", "{88605479-758C-4209-80B5-AC94031EADE4}"
EndProject
Project("{FAE04EC0-301F-11D3-BF4B-00C04F79EFBC}") = "Inheritance", "Inheritance\Inheritance.csproj", "{7D393215-A29A-4DE1-AC6D-AF363009DBD8}"
EndProject
Project("{FAE04EC0-301F-11D3-BF4B-00C04F79EFBC}") = "Encapsulation", "Encapsulation\Encapsulation.csproj", "{744E3C70-FCFA-43BD-A4B2-DC3151410964}"
EndProject
Project("{FAE04EC0-301F-11D3-BF4B-00C04F79EFBC}") = "OOP_Excercise", "OOP_Excercise\OOP_Excercise.csproj", "{92DE8393-02C1-4CDD-82D9-C707ED716E13}"
EndProject
Project("{FAE04EC0-301F-11D3-BF4B-00C04F79EFBC}") = "ConsoleApp3", "ConsoleApp3\ConsoleApp3.csproj", "{C93DFFB7-5DCE-4862-BDEF-BBFC59C532A8}"
EndProject
Global
	GlobalSection(SolutionConfigurationPlatforms) = preSolution
		Debug|Any CPU = Debug|Any CPU
		Release|Any CPU = Release|Any CPU
	EndGlobalSection
	GlobalSection(ProjectConfigurationPlatforms) = postSolution
		{9FC014AE-A5A0-4447-90AF-0F916972678A}.Debug|Any CPU.ActiveCfg = Debug|Any CPU
		{9FC014AE-A5A0-4447-90AF-0F916972678A}.Debug|Any CPU.Build.0 = Debug|Any CPU
		{9FC014AE-A5A0-4447-90AF-0F916972678A}.Release|Any CPU.ActiveCfg = Release|Any CPU
		{9FC014AE-A5A0-4447-90AF-0F916972678A}.Release|Any CPU.Build.0 = Release|Any CPU
		{92D4CE73-EC06-496F-88CE-A1D91F8AEED8}.Debug|Any CPU.ActiveCfg = Debug|Any CPU
		{92D4CE73-EC06-496F-88CE-A1D91F8AEED8}.Debug|Any CPU.Build.0 = Debug|Any CPU
		{92D4CE73-EC06-496F-88CE-A1D91F8AEED8}.Release|Any CPU.ActiveCfg = Release|Any CPU
		{92D4CE73-EC06-496F-88CE-A1D91F8AEED8}.Release|Any CPU.Build.0 = Release|Any CPU
		{DDDFFEB3-C258-4DC6-89F7-0EDF744EF3D9}.Debug|Any CPU.ActiveCfg = Debug|Any CPU
		{DDDFFEB3-C258-4DC6-89F7-0EDF744EF3D9}.Debug|Any CPU.Build.0 = Debug|Any CPU
		{DDDFFEB3-C258-4DC6-89F7-0EDF744EF3D9}.Release|Any CPU.ActiveCfg = Release|Any CPU
		{DDDFFEB3-C258-4DC6-89F7-0EDF744EF3D9}.Release|Any CPU.Build.0 = Release|Any CPU
		{29057EF7-AD82-4136-AE88-0B34E6577394}.Debug|Any CPU.ActiveCfg = Debug|Any CPU
		{29057EF7-AD82-4136-AE88-0B34E6577394}.Debug|Any CPU.Build.0 = Debug|Any CPU
		{29057EF7-AD82-4136-AE88-0B34E6577394}.Release|Any CPU.ActiveCfg = Release|Any CPU
		{29057EF7-AD82-4136-AE88-0B34E6577394}.Release|Any CPU.Build.0 = Release|Any CPU
		{88605479-758C-4209-80B5-AC94031EADE4}.Debug|Any CPU.ActiveCfg = Debug|Any CPU
		{88605479-758C-4209-80B5-AC94031EADE4}.Debug|Any CPU.Build.0 = Debug|Any CPU
		{88605479-758C-4209-80B5-AC94031EADE4}.Release|Any CPU.ActiveCfg = Release|Any CPU
		{88605479-758C-4209-80B5-AC94031EADE4}.Release|Any CPU.Build.0 = Release|Any CPU
		{7D393215-A29A-4DE1-AC6D-AF363009DBD8}.Debug|Any CPU.ActiveCfg = Debug|Any CPU
		{7D393215-A29A-4DE1-AC6D-AF363009DBD8}.Debug|Any CPU.Build.0 = Debug|Any CPU
		{7D393215-A29A-4DE1-AC6D-AF363009DBD8}.Release|Any CPU.ActiveCfg = Release|Any CPU
		{7D393215-A29A-4DE1-AC6D-AF363009DBD8}.Release|Any CPU.Build.0 = Release|Any CPU
		{744E3C70-FCFA-43BD-A4B2-DC3151410964}.Debug|Any CPU.ActiveCfg = Debug|Any CPU
		{744E3C70-FCFA-43BD-A4B2-DC3151410964}.Debug|Any CPU.Build.0 = Debug|Any CPU
		{744E3C70-FCFA-43BD-A4B2-DC3151410964}.Release|Any CPU.ActiveCfg = Release|Any CPU
		{744E3C70-FCFA-43BD-A4B2-DC3151410964}.Release|Any CPU.Build.0 = Release|Any CPU
		{92DE8393-02C1-4CDD-82D9-C707ED716E13}.Debug|Any CPU.ActiveCfg = Debug|Any CPU
		{92DE8393-02C1-4CDD-82D9-C707ED716E13}.Debug|Any CPU.Build.0 = Debug|Any CPU
		{92DE8393-02C1-4CDD-82D9-C707ED716E13}.Release|Any CPU.ActiveCfg = Release|Any CPU
		{92DE8393-02C1-4CDD-82D9-C707ED716E13}.Release|Any CPU.Build.0 = Release|Any CPU
		{C93DFFB7-5DCE-4862-BDEF-BBFC59C532A8}.Debug|Any CPU.ActiveCfg = Debug|Any CPU
		{C93DFFB7-5DCE-4862-BDEF-BBFC59C532A8}.Debug|Any CPU.Build.0 = Debug|Any CPU
		{C93DFFB7-5DCE-4862-BDEF-BBFC59C532A8}.Release|Any CPU.ActiveCfg = Release|Any CPU
		{C93DFFB7-5DCE-4862-BDEF-BBFC59C532A8}.Release|Any CPU.Build.0 = Release|Any CPU
	EndGlobalSection
	GlobalSection(SolutionProperties) = preSolution
		HideSolutionNode = FALSE
	EndGlobalSection
	GlobalSection(ExtensibilityGlobals) = postSolution
		SolutionGuid = {AE88D0FE-5CD8-4051-984D-EBADE640F773}
	EndGlobalSection
EndGlobal
